// !$*UTF8*$!
{
	archiveVersion = 1;
	classes = {
	};
	objectVersion = 55;
	objects = {

/* Begin PBXBuildFile section */
		AA437CBA27BD6B5200D2E252 /* SettingsView.swift in Sources */ = {isa = PBXBuildFile; fileRef = AA437CB927BD6B5200D2E252 /* SettingsView.swift */; };
		AA437CBB27BD6B5200D2E252 /* SettingsView.swift in Sources */ = {isa = PBXBuildFile; fileRef = AA437CB927BD6B5200D2E252 /* SettingsView.swift */; };
		AA437CBD27BD972200D2E252 /* SettingsProvider.swift in Sources */ = {isa = PBXBuildFile; fileRef = AA437CBC27BD972200D2E252 /* SettingsProvider.swift */; };
		AA437CBE27BD972200D2E252 /* SettingsProvider.swift in Sources */ = {isa = PBXBuildFile; fileRef = AA437CBC27BD972200D2E252 /* SettingsProvider.swift */; };
		AA9BD92127B5940B007EFB3D /* Tests_iOS.swift in Sources */ = {isa = PBXBuildFile; fileRef = AA9BD92027B5940B007EFB3D /* Tests_iOS.swift */; };
		AA9BD92327B5940B007EFB3D /* Tests_iOSLaunchTests.swift in Sources */ = {isa = PBXBuildFile; fileRef = AA9BD92227B5940B007EFB3D /* Tests_iOSLaunchTests.swift */; };
		AA9BD92D27B5940B007EFB3D /* Tests_macOS.swift in Sources */ = {isa = PBXBuildFile; fileRef = AA9BD92C27B5940B007EFB3D /* Tests_macOS.swift */; };
		AA9BD92F27B5940B007EFB3D /* Tests_macOSLaunchTests.swift in Sources */ = {isa = PBXBuildFile; fileRef = AA9BD92E27B5940B007EFB3D /* Tests_macOSLaunchTests.swift */; };
		AA9BD93027B5940B007EFB3D /* RGBScreenApp.swift in Sources */ = {isa = PBXBuildFile; fileRef = AA9BD90827B5940A007EFB3D /* RGBScreenApp.swift */; };
		AA9BD93127B5940B007EFB3D /* RGBScreenApp.swift in Sources */ = {isa = PBXBuildFile; fileRef = AA9BD90827B5940A007EFB3D /* RGBScreenApp.swift */; };
		AA9BD93227B5940B007EFB3D /* ContentView.swift in Sources */ = {isa = PBXBuildFile; fileRef = AA9BD90927B5940A007EFB3D /* ContentView.swift */; };
		AA9BD93327B5940B007EFB3D /* ContentView.swift in Sources */ = {isa = PBXBuildFile; fileRef = AA9BD90927B5940A007EFB3D /* ContentView.swift */; };
		AA9BD93427B5940B007EFB3D /* Assets.xcassets in Resources */ = {isa = PBXBuildFile; fileRef = AA9BD90A27B5940B007EFB3D /* Assets.xcassets */; };
		AA9BD93527B5940B007EFB3D /* Assets.xcassets in Resources */ = {isa = PBXBuildFile; fileRef = AA9BD90A27B5940B007EFB3D /* Assets.xcassets */; };
/* End PBXBuildFile section */

/* Begin PBXContainerItemProxy section */
		AA9BD91D27B5940B007EFB3D /* PBXContainerItemProxy */ = {
			isa = PBXContainerItemProxy;
			containerPortal = AA9BD90327B5940A007EFB3D /* Project object */;
			proxyType = 1;
			remoteGlobalIDString = AA9BD90E27B5940B007EFB3D;
			remoteInfo = "RGBScreen (iOS)";
		};
		AA9BD92927B5940B007EFB3D /* PBXContainerItemProxy */ = {
			isa = PBXContainerItemProxy;
			containerPortal = AA9BD90327B5940A007EFB3D /* Project object */;
			proxyType = 1;
			remoteGlobalIDString = AA9BD91427B5940B007EFB3D;
			remoteInfo = "RGBScreen (macOS)";
		};
/* End PBXContainerItemProxy section */

/* Begin PBXFileReference section */
		AA437CB927BD6B5200D2E252 /* SettingsView.swift */ = {isa = PBXFileReference; lastKnownFileType = sourcecode.swift; path = SettingsView.swift; sourceTree = "<group>"; };
		AA437CBC27BD972200D2E252 /* SettingsProvider.swift */ = {isa = PBXFileReference; lastKnownFileType = sourcecode.swift; path = SettingsProvider.swift; sourceTree = "<group>"; };
		AA9BD90827B5940A007EFB3D /* RGBScreenApp.swift */ = {isa = PBXFileReference; lastKnownFileType = sourcecode.swift; path = RGBScreenApp.swift; sourceTree = "<group>"; };
		AA9BD90927B5940A007EFB3D /* ContentView.swift */ = {isa = PBXFileReference; lastKnownFileType = sourcecode.swift; path = ContentView.swift; sourceTree = "<group>"; };
		AA9BD90A27B5940B007EFB3D /* Assets.xcassets */ = {isa = PBXFileReference; lastKnownFileType = folder.assetcatalog; path = Assets.xcassets; sourceTree = "<group>"; };
		AA9BD90F27B5940B007EFB3D /* Soothing Colors.app */ = {isa = PBXFileReference; explicitFileType = wrapper.application; includeInIndex = 0; path = "Soothing Colors.app"; sourceTree = BUILT_PRODUCTS_DIR; };
		AA9BD91527B5940B007EFB3D /* RGBScreen.app */ = {isa = PBXFileReference; explicitFileType = wrapper.application; includeInIndex = 0; path = RGBScreen.app; sourceTree = BUILT_PRODUCTS_DIR; };
		AA9BD91727B5940B007EFB3D /* macOS.entitlements */ = {isa = PBXFileReference; lastKnownFileType = text.plist.entitlements; path = macOS.entitlements; sourceTree = "<group>"; };
		AA9BD91C27B5940B007EFB3D /* Tests iOS.xctest */ = {isa = PBXFileReference; explicitFileType = wrapper.cfbundle; includeInIndex = 0; path = "Tests iOS.xctest"; sourceTree = BUILT_PRODUCTS_DIR; };
		AA9BD92027B5940B007EFB3D /* Tests_iOS.swift */ = {isa = PBXFileReference; lastKnownFileType = sourcecode.swift; path = Tests_iOS.swift; sourceTree = "<group>"; };
		AA9BD92227B5940B007EFB3D /* Tests_iOSLaunchTests.swift */ = {isa = PBXFileReference; lastKnownFileType = sourcecode.swift; path = Tests_iOSLaunchTests.swift; sourceTree = "<group>"; };
		AA9BD92827B5940B007EFB3D /* Tests macOS.xctest */ = {isa = PBXFileReference; explicitFileType = wrapper.cfbundle; includeInIndex = 0; path = "Tests macOS.xctest"; sourceTree = BUILT_PRODUCTS_DIR; };
		AA9BD92C27B5940B007EFB3D /* Tests_macOS.swift */ = {isa = PBXFileReference; lastKnownFileType = sourcecode.swift; path = Tests_macOS.swift; sourceTree = "<group>"; };
		AA9BD92E27B5940B007EFB3D /* Tests_macOSLaunchTests.swift */ = {isa = PBXFileReference; lastKnownFileType = sourcecode.swift; path = Tests_macOSLaunchTests.swift; sourceTree = "<group>"; };
/* End PBXFileReference section */

/* Begin PBXFrameworksBuildPhase section */
		AA9BD90C27B5940B007EFB3D /* Frameworks */ = {
			isa = PBXFrameworksBuildPhase;
			buildActionMask = 2147483647;
			files = (
			);
			runOnlyForDeploymentPostprocessing = 0;
		};
		AA9BD91227B5940B007EFB3D /* Frameworks */ = {
			isa = PBXFrameworksBuildPhase;
			buildActionMask = 2147483647;
			files = (
			);
			runOnlyForDeploymentPostprocessing = 0;
		};
		AA9BD91927B5940B007EFB3D /* Frameworks */ = {
			isa = PBXFrameworksBuildPhase;
			buildActionMask = 2147483647;
			files = (
			);
			runOnlyForDeploymentPostprocessing = 0;
		};
		AA9BD92527B5940B007EFB3D /* Frameworks */ = {
			isa = PBXFrameworksBuildPhase;
			buildActionMask = 2147483647;
			files = (
			);
			runOnlyForDeploymentPostprocessing = 0;
		};
/* End PBXFrameworksBuildPhase section */

/* Begin PBXGroup section */
		AA9BD90227B5940A007EFB3D = {
			isa = PBXGroup;
			children = (
				AA9BD90727B5940A007EFB3D /* Shared */,
				AA9BD91627B5940B007EFB3D /* macOS */,
				AA9BD91F27B5940B007EFB3D /* Tests iOS */,
				AA9BD92B27B5940B007EFB3D /* Tests macOS */,
				AA9BD91027B5940B007EFB3D /* Products */,
			);
			sourceTree = "<group>";
		};
		AA9BD90727B5940A007EFB3D /* Shared */ = {
			isa = PBXGroup;
			children = (
				AA9BD90827B5940A007EFB3D /* RGBScreenApp.swift */,
				AA9BD90927B5940A007EFB3D /* ContentView.swift */,
				AA9BD90A27B5940B007EFB3D /* Assets.xcassets */,
				AA437CB927BD6B5200D2E252 /* SettingsView.swift */,
				AA437CBC27BD972200D2E252 /* SettingsProvider.swift */,
			);
			path = Shared;
			sourceTree = "<group>";
		};
		AA9BD91027B5940B007EFB3D /* Products */ = {
			isa = PBXGroup;
			children = (
				AA9BD90F27B5940B007EFB3D /* Soothing Colors.app */,
				AA9BD91527B5940B007EFB3D /* RGBScreen.app */,
				AA9BD91C27B5940B007EFB3D /* Tests iOS.xctest */,
				AA9BD92827B5940B007EFB3D /* Tests macOS.xctest */,
			);
			name = Products;
			sourceTree = "<group>";
		};
		AA9BD91627B5940B007EFB3D /* macOS */ = {
			isa = PBXGroup;
			children = (
				AA9BD91727B5940B007EFB3D /* macOS.entitlements */,
			);
			path = macOS;
			sourceTree = "<group>";
		};
		AA9BD91F27B5940B007EFB3D /* Tests iOS */ = {
			isa = PBXGroup;
			children = (
				AA9BD92027B5940B007EFB3D /* Tests_iOS.swift */,
				AA9BD92227B5940B007EFB3D /* Tests_iOSLaunchTests.swift */,
			);
			path = "Tests iOS";
			sourceTree = "<group>";
		};
		AA9BD92B27B5940B007EFB3D /* Tests macOS */ = {
			isa = PBXGroup;
			children = (
				AA9BD92C27B5940B007EFB3D /* Tests_macOS.swift */,
				AA9BD92E27B5940B007EFB3D /* Tests_macOSLaunchTests.swift */,
			);
			path = "Tests macOS";
			sourceTree = "<group>";
		};
/* End PBXGroup section */

/* Begin PBXNativeTarget section */
		AA9BD90E27B5940B007EFB3D /* RGBScreen (iOS) */ = {
			isa = PBXNativeTarget;
			buildConfigurationList = AA9BD93827B5940B007EFB3D /* Build configuration list for PBXNativeTarget "RGBScreen (iOS)" */;
			buildPhases = (
				AA9BD90B27B5940B007EFB3D /* Sources */,
				AA9BD90C27B5940B007EFB3D /* Frameworks */,
				AA9BD90D27B5940B007EFB3D /* Resources */,
			);
			buildRules = (
			);
			dependencies = (
			);
			name = "RGBScreen (iOS)";
			productName = "RGBScreen (iOS)";
			productReference = AA9BD90F27B5940B007EFB3D /* Soothing Colors.app */;
			productType = "com.apple.product-type.application";
		};
		AA9BD91427B5940B007EFB3D /* RGBScreen (macOS) */ = {
			isa = PBXNativeTarget;
			buildConfigurationList = AA9BD93B27B5940B007EFB3D /* Build configuration list for PBXNativeTarget "RGBScreen (macOS)" */;
			buildPhases = (
				AA9BD91127B5940B007EFB3D /* Sources */,
				AA9BD91227B5940B007EFB3D /* Frameworks */,
				AA9BD91327B5940B007EFB3D /* Resources */,
			);
			buildRules = (
			);
			dependencies = (
			);
			name = "RGBScreen (macOS)";
			productName = "RGBScreen (macOS)";
			productReference = AA9BD91527B5940B007EFB3D /* RGBScreen.app */;
			productType = "com.apple.product-type.application";
		};
		AA9BD91B27B5940B007EFB3D /* Tests iOS */ = {
			isa = PBXNativeTarget;
			buildConfigurationList = AA9BD93E27B5940B007EFB3D /* Build configuration list for PBXNativeTarget "Tests iOS" */;
			buildPhases = (
				AA9BD91827B5940B007EFB3D /* Sources */,
				AA9BD91927B5940B007EFB3D /* Frameworks */,
				AA9BD91A27B5940B007EFB3D /* Resources */,
			);
			buildRules = (
			);
			dependencies = (
				AA9BD91E27B5940B007EFB3D /* PBXTargetDependency */,
			);
			name = "Tests iOS";
			productName = "Tests iOS";
			productReference = AA9BD91C27B5940B007EFB3D /* Tests iOS.xctest */;
			productType = "com.apple.product-type.bundle.ui-testing";
		};
		AA9BD92727B5940B007EFB3D /* Tests macOS */ = {
			isa = PBXNativeTarget;
			buildConfigurationList = AA9BD94127B5940B007EFB3D /* Build configuration list for PBXNativeTarget "Tests macOS" */;
			buildPhases = (
				AA9BD92427B5940B007EFB3D /* Sources */,
				AA9BD92527B5940B007EFB3D /* Frameworks */,
				AA9BD92627B5940B007EFB3D /* Resources */,
			);
			buildRules = (
			);
			dependencies = (
				AA9BD92A27B5940B007EFB3D /* PBXTargetDependency */,
			);
			name = "Tests macOS";
			productName = "Tests macOS";
			productReference = AA9BD92827B5940B007EFB3D /* Tests macOS.xctest */;
			productType = "com.apple.product-type.bundle.ui-testing";
		};
/* End PBXNativeTarget section */

/* Begin PBXProject section */
		AA9BD90327B5940A007EFB3D /* Project object */ = {
			isa = PBXProject;
			attributes = {
				BuildIndependentTargetsInParallel = 1;
				LastSwiftUpdateCheck = 1320;
				LastUpgradeCheck = 1320;
				TargetAttributes = {
					AA9BD90E27B5940B007EFB3D = {
						CreatedOnToolsVersion = 13.2.1;
					};
					AA9BD91427B5940B007EFB3D = {
						CreatedOnToolsVersion = 13.2.1;
					};
					AA9BD91B27B5940B007EFB3D = {
						CreatedOnToolsVersion = 13.2.1;
						TestTargetID = AA9BD90E27B5940B007EFB3D;
					};
					AA9BD92727B5940B007EFB3D = {
						CreatedOnToolsVersion = 13.2.1;
						TestTargetID = AA9BD91427B5940B007EFB3D;
					};
				};
			};
			buildConfigurationList = AA9BD90627B5940A007EFB3D /* Build configuration list for PBXProject "RGBScreen" */;
			compatibilityVersion = "Xcode 13.0";
			developmentRegion = en;
			hasScannedForEncodings = 0;
			knownRegions = (
				en,
				Base,
			);
			mainGroup = AA9BD90227B5940A007EFB3D;
			productRefGroup = AA9BD91027B5940B007EFB3D /* Products */;
			projectDirPath = "";
			projectRoot = "";
			targets = (
				AA9BD90E27B5940B007EFB3D /* RGBScreen (iOS) */,
				AA9BD91427B5940B007EFB3D /* RGBScreen (macOS) */,
				AA9BD91B27B5940B007EFB3D /* Tests iOS */,
				AA9BD92727B5940B007EFB3D /* Tests macOS */,
			);
		};
/* End PBXProject section */

/* Begin PBXResourcesBuildPhase section */
		AA9BD90D27B5940B007EFB3D /* Resources */ = {
			isa = PBXResourcesBuildPhase;
			buildActionMask = 2147483647;
			files = (
				AA9BD93427B5940B007EFB3D /* Assets.xcassets in Resources */,
			);
			runOnlyForDeploymentPostprocessing = 0;
		};
		AA9BD91327B5940B007EFB3D /* Resources */ = {
			isa = PBXResourcesBuildPhase;
			buildActionMask = 2147483647;
			files = (
				AA9BD93527B5940B007EFB3D /* Assets.xcassets in Resources */,
			);
			runOnlyForDeploymentPostprocessing = 0;
		};
		AA9BD91A27B5940B007EFB3D /* Resources */ = {
			isa = PBXResourcesBuildPhase;
			buildActionMask = 2147483647;
			files = (
			);
			runOnlyForDeploymentPostprocessing = 0;
		};
		AA9BD92627B5940B007EFB3D /* Resources */ = {
			isa = PBXResourcesBuildPhase;
			buildActionMask = 2147483647;
			files = (
			);
			runOnlyForDeploymentPostprocessing = 0;
		};
/* End PBXResourcesBuildPhase section */

/* Begin PBXSourcesBuildPhase section */
		AA9BD90B27B5940B007EFB3D /* Sources */ = {
			isa = PBXSourcesBuildPhase;
			buildActionMask = 2147483647;
			files = (
				AA437CBA27BD6B5200D2E252 /* SettingsView.swift in Sources */,
				AA437CBD27BD972200D2E252 /* SettingsProvider.swift in Sources */,
				AA9BD93227B5940B007EFB3D /* ContentView.swift in Sources */,
				AA9BD93027B5940B007EFB3D /* RGBScreenApp.swift in Sources */,
			);
			runOnlyForDeploymentPostprocessing = 0;
		};
		AA9BD91127B5940B007EFB3D /* Sources */ = {
			isa = PBXSourcesBuildPhase;
			buildActionMask = 2147483647;
			files = (
				AA437CBB27BD6B5200D2E252 /* SettingsView.swift in Sources */,
				AA437CBE27BD972200D2E252 /* SettingsProvider.swift in Sources */,
				AA9BD93327B5940B007EFB3D /* ContentView.swift in Sources */,
				AA9BD93127B5940B007EFB3D /* RGBScreenApp.swift in Sources */,
			);
			runOnlyForDeploymentPostprocessing = 0;
		};
		AA9BD91827B5940B007EFB3D /* Sources */ = {
			isa = PBXSourcesBuildPhase;
			buildActionMask = 2147483647;
			files = (
				AA9BD92327B5940B007EFB3D /* Tests_iOSLaunchTests.swift in Sources */,
				AA9BD92127B5940B007EFB3D /* Tests_iOS.swift in Sources */,
			);
			runOnlyForDeploymentPostprocessing = 0;
		};
		AA9BD92427B5940B007EFB3D /* Sources */ = {
			isa = PBXSourcesBuildPhase;
			buildActionMask = 2147483647;
			files = (
				AA9BD92F27B5940B007EFB3D /* Tests_macOSLaunchTests.swift in Sources */,
				AA9BD92D27B5940B007EFB3D /* Tests_macOS.swift in Sources */,
			);
			runOnlyForDeploymentPostprocessing = 0;
		};
/* End PBXSourcesBuildPhase section */

/* Begin PBXTargetDependency section */
		AA9BD91E27B5940B007EFB3D /* PBXTargetDependency */ = {
			isa = PBXTargetDependency;
			target = AA9BD90E27B5940B007EFB3D /* RGBScreen (iOS) */;
			targetProxy = AA9BD91D27B5940B007EFB3D /* PBXContainerItemProxy */;
		};
		AA9BD92A27B5940B007EFB3D /* PBXTargetDependency */ = {
			isa = PBXTargetDependency;
			target = AA9BD91427B5940B007EFB3D /* RGBScreen (macOS) */;
			targetProxy = AA9BD92927B5940B007EFB3D /* PBXContainerItemProxy */;
		};
/* End PBXTargetDependency section */

/* Begin XCBuildConfiguration section */
		AA9BD93627B5940B007EFB3D /* Debug */ = {
			isa = XCBuildConfiguration;
			buildSettings = {
				ALWAYS_SEARCH_USER_PATHS = NO;
				CLANG_ANALYZER_NONNULL = YES;
				CLANG_ANALYZER_NUMBER_OBJECT_CONVERSION = YES_AGGRESSIVE;
				CLANG_CXX_LANGUAGE_STANDARD = "gnu++17";
				CLANG_CXX_LIBRARY = "libc++";
				CLANG_ENABLE_MODULES = YES;
				CLANG_ENABLE_OBJC_ARC = YES;
				CLANG_ENABLE_OBJC_WEAK = YES;
				CLANG_WARN_BLOCK_CAPTURE_AUTORELEASING = YES;
				CLANG_WARN_BOOL_CONVERSION = YES;
				CLANG_WARN_COMMA = YES;
				CLANG_WARN_CONSTANT_CONVERSION = YES;
				CLANG_WARN_DEPRECATED_OBJC_IMPLEMENTATIONS = YES;
				CLANG_WARN_DIRECT_OBJC_ISA_USAGE = YES_ERROR;
				CLANG_WARN_DOCUMENTATION_COMMENTS = YES;
				CLANG_WARN_EMPTY_BODY = YES;
				CLANG_WARN_ENUM_CONVERSION = YES;
				CLANG_WARN_INFINITE_RECURSION = YES;
				CLANG_WARN_INT_CONVERSION = YES;
				CLANG_WARN_NON_LITERAL_NULL_CONVERSION = YES;
				CLANG_WARN_OBJC_IMPLICIT_RETAIN_SELF = YES;
				CLANG_WARN_OBJC_LITERAL_CONVERSION = YES;
				CLANG_WARN_OBJC_ROOT_CLASS = YES_ERROR;
				CLANG_WARN_QUOTED_INCLUDE_IN_FRAMEWORK_HEADER = YES;
				CLANG_WARN_RANGE_LOOP_ANALYSIS = YES;
				CLANG_WARN_STRICT_PROTOTYPES = YES;
				CLANG_WARN_SUSPICIOUS_MOVE = YES;
				CLANG_WARN_UNGUARDED_AVAILABILITY = YES_AGGRESSIVE;
				CLANG_WARN_UNREACHABLE_CODE = YES;
				CLANG_WARN__DUPLICATE_METHOD_MATCH = YES;
				COPY_PHASE_STRIP = NO;
				DEBUG_INFORMATION_FORMAT = dwarf;
				ENABLE_STRICT_OBJC_MSGSEND = YES;
				ENABLE_TESTABILITY = YES;
				GCC_C_LANGUAGE_STANDARD = gnu11;
				GCC_DYNAMIC_NO_PIC = NO;
				GCC_NO_COMMON_BLOCKS = YES;
				GCC_OPTIMIZATION_LEVEL = 0;
				GCC_PREPROCESSOR_DEFINITIONS = (
					"DEBUG=1",
					"$(inherited)",
				);
				GCC_WARN_64_TO_32_BIT_CONVERSION = YES;
				GCC_WARN_ABOUT_RETURN_TYPE = YES_ERROR;
				GCC_WARN_UNDECLARED_SELECTOR = YES;
				GCC_WARN_UNINITIALIZED_AUTOS = YES_AGGRESSIVE;
				GCC_WARN_UNUSED_FUNCTION = YES;
				GCC_WARN_UNUSED_VARIABLE = YES;
				MTL_ENABLE_DEBUG_INFO = INCLUDE_SOURCE;
				MTL_FAST_MATH = YES;
				ONLY_ACTIVE_ARCH = YES;
				SWIFT_ACTIVE_COMPILATION_CONDITIONS = DEBUG;
				SWIFT_OPTIMIZATION_LEVEL = "-Onone";
			};
			name = Debug;
		};
		AA9BD93727B5940B007EFB3D /* Release */ = {
			isa = XCBuildConfiguration;
			buildSettings = {
				ALWAYS_SEARCH_USER_PATHS = NO;
				CLANG_ANALYZER_NONNULL = YES;
				CLANG_ANALYZER_NUMBER_OBJECT_CONVERSION = YES_AGGRESSIVE;
				CLANG_CXX_LANGUAGE_STANDARD = "gnu++17";
				CLANG_CXX_LIBRARY = "libc++";
				CLANG_ENABLE_MODULES = YES;
				CLANG_ENABLE_OBJC_ARC = YES;
				CLANG_ENABLE_OBJC_WEAK = YES;
				CLANG_WARN_BLOCK_CAPTURE_AUTORELEASING = YES;
				CLANG_WARN_BOOL_CONVERSION = YES;
				CLANG_WARN_COMMA = YES;
				CLANG_WARN_CONSTANT_CONVERSION = YES;
				CLANG_WARN_DEPRECATED_OBJC_IMPLEMENTATIONS = YES;
				CLANG_WARN_DIRECT_OBJC_ISA_USAGE = YES_ERROR;
				CLANG_WARN_DOCUMENTATION_COMMENTS = YES;
				CLANG_WARN_EMPTY_BODY = YES;
				CLANG_WARN_ENUM_CONVERSION = YES;
				CLANG_WARN_INFINITE_RECURSION = YES;
				CLANG_WARN_INT_CONVERSION = YES;
				CLANG_WARN_NON_LITERAL_NULL_CONVERSION = YES;
				CLANG_WARN_OBJC_IMPLICIT_RETAIN_SELF = YES;
				CLANG_WARN_OBJC_LITERAL_CONVERSION = YES;
				CLANG_WARN_OBJC_ROOT_CLASS = YES_ERROR;
				CLANG_WARN_QUOTED_INCLUDE_IN_FRAMEWORK_HEADER = YES;
				CLANG_WARN_RANGE_LOOP_ANALYSIS = YES;
				CLANG_WARN_STRICT_PROTOTYPES = YES;
				CLANG_WARN_SUSPICIOUS_MOVE = YES;
				CLANG_WARN_UNGUARDED_AVAILABILITY = YES_AGGRESSIVE;
				CLANG_WARN_UNREACHABLE_CODE = YES;
				CLANG_WARN__DUPLICATE_METHOD_MATCH = YES;
				COPY_PHASE_STRIP = NO;
				DEBUG_INFORMATION_FORMAT = "dwarf-with-dsym";
				ENABLE_NS_ASSERTIONS = NO;
				ENABLE_STRICT_OBJC_MSGSEND = YES;
				GCC_C_LANGUAGE_STANDARD = gnu11;
				GCC_NO_COMMON_BLOCKS = YES;
				GCC_WARN_64_TO_32_BIT_CONVERSION = YES;
				GCC_WARN_ABOUT_RETURN_TYPE = YES_ERROR;
				GCC_WARN_UNDECLARED_SELECTOR = YES;
				GCC_WARN_UNINITIALIZED_AUTOS = YES_AGGRESSIVE;
				GCC_WARN_UNUSED_FUNCTION = YES;
				GCC_WARN_UNUSED_VARIABLE = YES;
				MTL_ENABLE_DEBUG_INFO = NO;
				MTL_FAST_MATH = YES;
				SWIFT_COMPILATION_MODE = wholemodule;
				SWIFT_OPTIMIZATION_LEVEL = "-O";
			};
			name = Release;
		};
		AA9BD93927B5940B007EFB3D /* Debug */ = {
			isa = XCBuildConfiguration;
			buildSettings = {
				ASSETCATALOG_COMPILER_APPICON_NAME = AppIcon;
				ASSETCATALOG_COMPILER_GLOBAL_ACCENT_COLOR_NAME = AccentColor;
				CODE_SIGN_STYLE = Automatic;
				CURRENT_PROJECT_VERSION = 1;
				DEVELOPMENT_TEAM = LJJJNHTF88;
				ENABLE_PREVIEWS = YES;
				GENERATE_INFOPLIST_FILE = YES;
				INFOPLIST_KEY_UIApplicationSceneManifest_Generation = YES;
				INFOPLIST_KEY_UIApplicationSupportsIndirectInputEvents = YES;
				INFOPLIST_KEY_UILaunchScreen_Generation = YES;
				INFOPLIST_KEY_UISupportedInterfaceOrientations_iPad = "UIInterfaceOrientationPortrait UIInterfaceOrientationPortraitUpsideDown UIInterfaceOrientationLandscapeLeft UIInterfaceOrientationLandscapeRight";
				INFOPLIST_KEY_UISupportedInterfaceOrientations_iPhone = "UIInterfaceOrientationPortrait UIInterfaceOrientationLandscapeLeft UIInterfaceOrientationLandscapeRight";
				IPHONEOS_DEPLOYMENT_TARGET = 15.2;
				LD_RUNPATH_SEARCH_PATHS = (
					"$(inherited)",
					"@executable_path/Frameworks",
				);
				MARKETING_VERSION = 1.0;
				PRODUCT_BUNDLE_IDENTIFIER = com.heliosxii.RGBScreen;
				PRODUCT_NAME = "Soothing Colors";
				SDKROOT = iphoneos;
				SWIFT_EMIT_LOC_STRINGS = YES;
				SWIFT_VERSION = 5.0;
				TARGETED_DEVICE_FAMILY = "1,2";
			};
			name = Debug;
		};
		AA9BD93A27B5940B007EFB3D /* Release */ = {
			isa = XCBuildConfiguration;
			buildSettings = {
				ASSETCATALOG_COMPILER_APPICON_NAME = AppIcon;
				ASSETCATALOG_COMPILER_GLOBAL_ACCENT_COLOR_NAME = AccentColor;
				CODE_SIGN_STYLE = Automatic;
				CURRENT_PROJECT_VERSION = 1;
				DEVELOPMENT_TEAM = LJJJNHTF88;
				ENABLE_PREVIEWS = YES;
				GENERATE_INFOPLIST_FILE = YES;
				INFOPLIST_KEY_UIApplicationSceneManifest_Generation = YES;
				INFOPLIST_KEY_UIApplicationSupportsIndirectInputEvents = YES;
				INFOPLIST_KEY_UILaunchScreen_Generation = YES;
				INFOPLIST_KEY_UISupportedInterfaceOrientations_iPad = "UIInterfaceOrientationPortrait UIInterfaceOrientationPortraitUpsideDown UIInterfaceOrientationLandscapeLeft UIInterfaceOrientationLandscapeRight";
				INFOPLIST_KEY_UISupportedInterfaceOrientations_iPhone = "UIInterfaceOrientationPortrait UIInterfaceOrientationLandscapeLeft UIInterfaceOrientationLandscapeRight";
				IPHONEOS_DEPLOYMENT_TARGET = 15.2;
				LD_RUNPATH_SEARCH_PATHS = (
					"$(inherited)",
					"@executable_path/Frameworks",
				);
				MARKETING_VERSION = 1.0;
				PRODUCT_BUNDLE_IDENTIFIER = com.heliosxii.RGBScreen;
				PRODUCT_NAME = "Soothing Colors";
				SDKROOT = iphoneos;
				SWIFT_EMIT_LOC_STRINGS = YES;
				SWIFT_VERSION = 5.0;
				TARGETED_DEVICE_FAMILY = "1,2";
				VALIDATE_PRODUCT = YES;
			};
			name = Release;
		};
		AA9BD93C27B5940B007EFB3D /* Debug */ = {
			isa = XCBuildConfiguration;
			buildSettings = {
				ASSETCATALOG_COMPILER_APPICON_NAME = AppIcon;
				ASSETCATALOG_COMPILER_GLOBAL_ACCENT_COLOR_NAME = AccentColor;
				CODE_SIGN_ENTITLEMENTS = macOS/macOS.entitlements;
				CODE_SIGN_STYLE = Automatic;
				COMBINE_HIDPI_IMAGES = YES;
				CURRENT_PROJECT_VERSION = 1;
				ENABLE_PREVIEWS = YES;
				GENERATE_INFOPLIST_FILE = YES;
				INFOPLIST_KEY_NSHumanReadableCopyright = "";
				LD_RUNPATH_SEARCH_PATHS = (
					"$(inherited)",
					"@executable_path/../Frameworks",
				);
				MACOSX_DEPLOYMENT_TARGET = 12.1;
				MARKETING_VERSION = 1.0;
				PRODUCT_BUNDLE_IDENTIFIER = com.heliosxii.RGBScreen;
				PRODUCT_NAME = RGBScreen;
				SDKROOT = macosx;
				SWIFT_EMIT_LOC_STRINGS = YES;
				SWIFT_VERSION = 5.0;
			};
			name = Debug;
		};
		AA9BD93D27B5940B007EFB3D /* Release */ = {
			isa = XCBuildConfiguration;
			buildSettings = {
				ASSETCATALOG_COMPILER_APPICON_NAME = AppIcon;
				ASSETCATALOG_COMPILER_GLOBAL_ACCENT_COLOR_NAME = AccentColor;
				CODE_SIGN_ENTITLEMENTS = macOS/macOS.entitlements;
				CODE_SIGN_STYLE = Automatic;
				COMBINE_HIDPI_IMAGES = YES;
				CURRENT_PROJECT_VERSION = 1;
				ENABLE_PREVIEWS = YES;
				GENERATE_INFOPLIST_FILE = YES;
				INFOPLIST_KEY_NSHumanReadableCopyright = "";
				LD_RUNPATH_SEARCH_PATHS = (
					"$(inherited)",
					"@executable_path/../Frameworks",
				);
				MACOSX_DEPLOYMENT_TARGET = 12.1;
				MARKETING_VERSION = 1.0;
				PRODUCT_BUNDLE_IDENTIFIER = com.heliosxii.RGBScreen;
				PRODUCT_NAME = RGBScreen;
				SDKROOT = macosx;
				SWIFT_EMIT_LOC_STRINGS = YES;
				SWIFT_VERSION = 5.0;
			};
			name = Release;
		};
		AA9BD93F27B5940B007EFB3D /* Debug */ = {
			isa = XCBuildConfiguration;
			buildSettings = {
				ALWAYS_EMBED_SWIFT_STANDARD_LIBRARIES = YES;
				CODE_SIGN_STYLE = Automatic;
				CURRENT_PROJECT_VERSION = 1;
				GENERATE_INFOPLIST_FILE = YES;
				IPHONEOS_DEPLOYMENT_TARGET = 15.2;
				MARKETING_VERSION = 1.0;
				PRODUCT_BUNDLE_IDENTIFIER = "com.heliosxii.Tests-iOS";
				PRODUCT_NAME = "$(TARGET_NAME)";
				SDKROOT = iphoneos;
				SWIFT_EMIT_LOC_STRINGS = NO;
				SWIFT_VERSION = 5.0;
				TARGETED_DEVICE_FAMILY = "1,2";
				TEST_TARGET_NAME = "RGBScreen (iOS)";
			};
			name = Debug;
		};
		AA9BD94027B5940B007EFB3D /* Release */ = {
			isa = XCBuildConfiguration;
			buildSettings = {
				ALWAYS_EMBED_SWIFT_STANDARD_LIBRARIES = YES;
				CODE_SIGN_STYLE = Automatic;
				CURRENT_PROJECT_VERSION = 1;
				GENERATE_INFOPLIST_FILE = YES;
				IPHONEOS_DEPLOYMENT_TARGET = 15.2;
				MARKETING_VERSION = 1.0;
				PRODUCT_BUNDLE_IDENTIFIER = "com.heliosxii.Tests-iOS";
				PRODUCT_NAME = "$(TARGET_NAME)";
				SDKROOT = iphoneos;
				SWIFT_EMIT_LOC_STRINGS = NO;
				SWIFT_VERSION = 5.0;
				TARGETED_DEVICE_FAMILY = "1,2";
				TEST_TARGET_NAME = "RGBScreen (iOS)";
				VALIDATE_PRODUCT = YES;
			};
			name = Release;
		};
		AA9BD94227B5940B007EFB3D /* Debug */ = {
			isa = XCBuildConfiguration;
			buildSettings = {
				ALWAYS_EMBED_SWIFT_STANDARD_LIBRARIES = YES;
				CODE_SIGN_STYLE = Automatic;
				CURRENT_PROJECT_VERSION = 1;
				GENERATE_INFOPLIST_FILE = YES;
				MACOSX_DEPLOYMENT_TARGET = 12.1;
				MARKETING_VERSION = 1.0;
				PRODUCT_BUNDLE_IDENTIFIER = "com.heliosxii.Tests-macOS";
				PRODUCT_NAME = "$(TARGET_NAME)";
				SDKROOT = macosx;
				SWIFT_EMIT_LOC_STRINGS = NO;
				SWIFT_VERSION = 5.0;
				TEST_TARGET_NAME = "RGBScreen (macOS)";
			};
			name = Debug;
		};
		AA9BD94327B5940B007EFB3D /* Release */ = {
			isa = XCBuildConfiguration;
			buildSettings = {
				ALWAYS_EMBED_SWIFT_STANDARD_LIBRARIES = YES;
				CODE_SIGN_STYLE = Automatic;
				CURRENT_PROJECT_VERSION = 1;
				GENERATE_INFOPLIST_FILE = YES;
				MACOSX_DEPLOYMENT_TARGET = 12.1;
				MARKETING_VERSION = 1.0;
				PRODUCT_BUNDLE_IDENTIFIER = "com.heliosxii.Tests-macOS";
				PRODUCT_NAME = "$(TARGET_NAME)";
				SDKROOT = macosx;
				SWIFT_EMIT_LOC_STRINGS = NO;
				SWIFT_VERSION = 5.0;
				TEST_TARGET_NAME = "RGBScreen (macOS)";
			};
			name = Release;
		};
/* End XCBuildConfiguration section */

/* Begin XCConfigurationList section */
		AA9BD90627B5940A007EFB3D /* Build configuration list for PBXProject "RGBScreen" */ = {
			isa = XCConfigurationList;
			buildConfigurations = (
				AA9BD93627B5940B007EFB3D /* Debug */,
				AA9BD93727B5940B007EFB3D /* Release */,
			);
			defaultConfigurationIsVisible = 0;
			defaultConfigurationName = Release;
		};
		AA9BD93827B5940B007EFB3D /* Build configuration list for PBXNativeTarget "RGBScreen (iOS)" */ = {
			isa = XCConfigurationList;
			buildConfigurations = (
				AA9BD93927B5940B007EFB3D /* Debug */,
				AA9BD93A27B5940B007EFB3D /* Release */,
			);
			defaultConfigurationIsVisible = 0;
			defaultConfigurationName = Release;
		};
		AA9BD93B27B5940B007EFB3D /* Build configuration list for PBXNativeTarget "RGBScreen (macOS)" */ = {
			isa = XCConfigurationList;
			buildConfigurations = (
				AA9BD93C27B5940B007EFB3D /* Debug */,
				AA9BD93D27B5940B007EFB3D /* Release */,
			);
			defaultConfigurationIsVisible = 0;
			defaultConfigurationName = Release;
		};
		AA9BD93E27B5940B007EFB3D /* Build configuration list for PBXNativeTarget "Tests iOS" */ = {
			isa = XCConfigurationList;
			buildConfigurations = (
				AA9BD93F27B5940B007EFB3D /* Debug */,
				AA9BD94027B5940B007EFB3D /* Release */,
			);
			defaultConfigurationIsVisible = 0;
			defaultConfigurationName = Release;
		};
		AA9BD94127B5940B007EFB3D /* Build configuration list for PBXNativeTarget "Tests macOS" */ = {
			isa = XCConfigurationList;
			buildConfigurations = (
				AA9BD94227B5940B007EFB3D /* Debug */,
				AA9BD94327B5940B007EFB3D /* Release */,
			);
			defaultConfigurationIsVisible = 0;
			defaultConfigurationName = Release;
		};
/* End XCConfigurationList section */
	};
	rootObject = AA9BD90327B5940A007EFB3D /* Project object */;
}
